
Microsoft Visual Studio Solution File, Format Version 12.00
# Visual Studio 2015
Project("{FAE04EC0-301F-11D3-BF4B-00C04F79EFBC}") = "Title (3).CSharp", "Title (3).CSharp.csproj", "{1B79B79A-D3DD-5E68-2496-11387A79C011}"
EndProject
Global
	GlobalSection(SolutionConfigurationPlatforms) = preSolution
		Debug|Any CPU = Debug|Any CPU
		Release|Any CPU = Release|Any CPU
	EndGlobalSection
	GlobalSection(ProjectConfigurationPlatforms) = postSolution
		{1B79B79A-D3DD-5E68-2496-11387A79C011}.Debug|Any CPU.ActiveCfg = Debug|Any CPU
		{1B79B79A-D3DD-5E68-2496-11387A79C011}.Debug|Any CPU.Build.0 = Debug|Any CPU
		{1B79B79A-D3DD-5E68-2496-11387A79C011}.Release|Any CPU.ActiveCfg = Release|Any CPU
		{1B79B79A-D3DD-5E68-2496-11387A79C011}.Release|Any CPU.Build.0 = Release|Any CPU
	EndGlobalSection
	GlobalSection(SolutionProperties) = preSolution
		HideSolutionNode = FALSE
	EndGlobalSection
EndGlobal
